
Microsoft Visual Studio Solution File, Format Version 12.00
# Visual Studio 15
VisualStudioVersion = 15.0.27703.2000
MinimumVisualStudioVersion = 10.0.40219.1
Project("{FAE04EC0-301F-11D3-BF4B-00C04F79EFBC}") = "crmLogCleanup", "crmLogCleanup\crmLogCleanup.csproj", "{9B088169-A230-4AC9-82F1-5F5AE30D9869}"
EndProject
Global
	GlobalSection(SolutionConfigurationPlatforms) = preSolution
		Debug|Any CPU = Debug|Any CPU
		Release|Any CPU = Release|Any CPU
	EndGlobalSection
	GlobalSection(ProjectConfigurationPlatforms) = postSolution
		{9B088169-A230-4AC9-82F1-5F5AE30D9869}.Debug|Any CPU.ActiveCfg = Debug|Any CPU
		{9B088169-A230-4AC9-82F1-5F5AE30D9869}.Debug|Any CPU.Build.0 = Debug|Any CPU
		{9B088169-A230-4AC9-82F1-5F5AE30D9869}.Release|Any CPU.ActiveCfg = Release|Any CPU
		{9B088169-A230-4AC9-82F1-5F5AE30D9869}.Release|Any CPU.Build.0 = Release|Any CPU
	EndGlobalSection
	GlobalSection(SolutionProperties) = preSolution
		HideSolutionNode = FALSE
	EndGlobalSection
	GlobalSection(ExtensibilityGlobals) = postSolution
		SolutionGuid = {3062C11D-D0E2-40A5-80E4-44C97E86924C}
	EndGlobalSection
EndGlobal
